// !$*UTF8*$!
{
	archiveVersion = 1;
	classes = {
	};
	objectVersion = 46;
	objects = {

/* Begin PBXBuildFile section */
		2807B8F19002DBA6D7B1928E /* libPods-TemplateProject.a in Frameworks */ = {isa = PBXBuildFile; fileRef = E599FC9E224BF88EBE0832C9 /* libPods-TemplateProject.a */; };
		624262C01B4460CB00005CE3 /* AppDelegate.swift in Sources */ = {isa = PBXBuildFile; fileRef = 624262B21B4460CB00005CE3 /* AppDelegate.swift */; };
		624262C11B4460CB00005CE3 /* LaunchScreen.xib in Resources */ = {isa = PBXBuildFile; fileRef = 624262B31B4460CB00005CE3 /* LaunchScreen.xib */; };
		624262C31B4460CB00005CE3 /* ErrorHandling.swift in Sources */ = {isa = PBXBuildFile; fileRef = 624262B81B4460CB00005CE3 /* ErrorHandling.swift */; };
		624262C41B4460CB00005CE3 /* ParseLoginHelper.swift in Sources */ = {isa = PBXBuildFile; fileRef = 624262B91B4460CB00005CE3 /* ParseLoginHelper.swift */; };
		624262C51B4460CB00005CE3 /* Images.xcassets in Resources */ = {isa = PBXBuildFile; fileRef = 624262BA1B4460CB00005CE3 /* Images.xcassets */; };
		62551B941B06C072000913E4 /* ConvenienceKit.framework in Frameworks */ = {isa = PBXBuildFile; fileRef = 62551B8E1B06BFD7000913E4 /* ConvenienceKit.framework */; };
		62551B961B06C2F5000913E4 /* Social.framework in Frameworks */ = {isa = PBXBuildFile; fileRef = 62551B951B06C2F5000913E4 /* Social.framework */; };
		62551B981B06C2FD000913E4 /* Accounts.framework in Frameworks */ = {isa = PBXBuildFile; fileRef = 62551B971B06C2FD000913E4 /* Accounts.framework */; };
		62551B9A1B06C31F000913E4 /* CoreLocation.framework in Frameworks */ = {isa = PBXBuildFile; fileRef = 62551B991B06C31F000913E4 /* CoreLocation.framework */; };
		62551B9C1B06C327000913E4 /* SystemConfiguration.framework in Frameworks */ = {isa = PBXBuildFile; fileRef = 62551B9B1B06C327000913E4 /* SystemConfiguration.framework */; };
		62551B9E1B06C354000913E4 /* MobileCoreServices.framework in Frameworks */ = {isa = PBXBuildFile; fileRef = 62551B9D1B06C354000913E4 /* MobileCoreServices.framework */; };
		62551BA01B06C35B000913E4 /* AudioToolbox.framework in Frameworks */ = {isa = PBXBuildFile; fileRef = 62551B9F1B06C35B000913E4 /* AudioToolbox.framework */; };
		62551BA21B06C373000913E4 /* libsqlite3.dylib in Frameworks */ = {isa = PBXBuildFile; fileRef = 62551BA11B06C373000913E4 /* libsqlite3.dylib */; };
		62A07D1E1B1E56C8001F6916 /* ConvenienceKit.framework in Embed Frameworks */ = {isa = PBXBuildFile; fileRef = 62551B8E1B06BFD7000913E4 /* ConvenienceKit.framework */; settings = {ATTRIBUTES = (CodeSignOnCopy, RemoveHeadersOnCopy, ); }; };
		62A07D661B1F79F2001F6916 /* libstdc++.6.dylib in Frameworks */ = {isa = PBXBuildFile; fileRef = 62A07D651B1F79F2001F6916 /* libstdc++.6.dylib */; };
		62A07D6E1B1F7FB9001F6916 /* Bond.framework in Frameworks */ = {isa = PBXBuildFile; fileRef = 62551B7E1B06BFA2000913E4 /* Bond.framework */; };
		62A07D6F1B1F7FB9001F6916 /* Bond.framework in Embed Frameworks */ = {isa = PBXBuildFile; fileRef = 62551B7E1B06BFA2000913E4 /* Bond.framework */; settings = {ATTRIBUTES = (CodeSignOnCopy, RemoveHeadersOnCopy, ); }; };
		71180DBE1B73C4E400E6DA31 /* Foundation.framework in Frameworks */ = {isa = PBXBuildFile; fileRef = 71180DBD1B73C4E400E6DA31 /* Foundation.framework */; };
		71400E3F1B598A8B00E3B8CB /* ProfileViewController.swift in Sources */ = {isa = PBXBuildFile; fileRef = 71400E3E1B598A8B00E3B8CB /* ProfileViewController.swift */; };
		714D13631B7419BB003A5DB3 /* ProfileSectionHeader.xib in Resources */ = {isa = PBXBuildFile; fileRef = 714D13621B7419BB003A5DB3 /* ProfileSectionHeader.xib */; };
		714D136B1B741ABC003A5DB3 /* SettingsSectionHeader.swift in Sources */ = {isa = PBXBuildFile; fileRef = 714D136A1B741ABC003A5DB3 /* SettingsSectionHeader.swift */; };
		7156CFEF1B753D860045F642 /* MyLoginViewController.swift in Sources */ = {isa = PBXBuildFile; fileRef = 7156CFEE1B753D860045F642 /* MyLoginViewController.swift */; };
		7156CFF01B7568180045F642 /* Images.xcassets in Resources */ = {isa = PBXBuildFile; fileRef = 624262BA1B4460CB00005CE3 /* Images.xcassets */; };
		7156CFF11B757F140045F642 /* Images.xcassets in Sources */ = {isa = PBXBuildFile; fileRef = 624262BA1B4460CB00005CE3 /* Images.xcassets */; };
		71736A0C1B55DF1500B290FC /* Main.storyboard in Resources */ = {isa = PBXBuildFile; fileRef = 71736A0B1B55DF1500B290FC /* Main.storyboard */; };
		71A452821B6FDD1B001CDD7A /* StoreKit.framework in Frameworks */ = {isa = PBXBuildFile; fileRef = 71A452811B6FDD1B001CDD7A /* StoreKit.framework */; };
		71A452831B6FDD21001CDD7A /* Security.framework in Frameworks */ = {isa = PBXBuildFile; fileRef = 71E20E3C1B6FD14E00794A9E /* Security.framework */; };
		71A452841B6FDD2D001CDD7A /* CFNetwork.framework in Frameworks */ = {isa = PBXBuildFile; fileRef = 71E20E361B6FD0AB00794A9E /* CFNetwork.framework */; };
		71A452851B6FDD3B001CDD7A /* CoreGraphics.framework in Frameworks */ = {isa = PBXBuildFile; fileRef = 71E20E381B6FD10D00794A9E /* CoreGraphics.framework */; };
		71A452861B6FDD47001CDD7A /* QuartzCore.framework in Frameworks */ = {isa = PBXBuildFile; fileRef = 71E20E3A1B6FD12300794A9E /* QuartzCore.framework */; };
		71A452871B6FDD55001CDD7A /* libz.dylib in Frameworks */ = {isa = PBXBuildFile; fileRef = 71E20E3F1B6FD18900794A9E /* libz.dylib */; };
		71A452D01B7004C4001CDD7A /* ParseFacebookUtilsV4.framework in Frameworks */ = {isa = PBXBuildFile; fileRef = 71A452CE1B7004AE001CDD7A /* ParseFacebookUtilsV4.framework */; };
		71A452D11B7004D4001CDD7A /* Parse.framework in Frameworks */ = {isa = PBXBuildFile; fileRef = 71A452CB1B7004AE001CDD7A /* Parse.framework */; };
		71A452D21B7004E5001CDD7A /* Parse.framework in Frameworks */ = {isa = PBXBuildFile; fileRef = 71A452CB1B7004AE001CDD7A /* Parse.framework */; };
		71A452D31B700508001CDD7A /* ParseFacebookUtilsV4.framework in Frameworks */ = {isa = PBXBuildFile; fileRef = 71A452CE1B7004AE001CDD7A /* ParseFacebookUtilsV4.framework */; };
		71A452D41B700508001CDD7A /* ParseUI.framework in Frameworks */ = {isa = PBXBuildFile; fileRef = 71A452CF1B7004AE001CDD7A /* ParseUI.framework */; };
		71A452D91B701BA2001CDD7A /* Bolts.framework in Frameworks */ = {isa = PBXBuildFile; fileRef = 71A452D51B701BA2001CDD7A /* Bolts.framework */; };
		71A452DA1B701BA2001CDD7A /* Bolts.framework in Frameworks */ = {isa = PBXBuildFile; fileRef = 71A452D51B701BA2001CDD7A /* Bolts.framework */; };
		71A452DB1B701BA2001CDD7A /* FBSDKCoreKit.framework in Frameworks */ = {isa = PBXBuildFile; fileRef = 71A452D61B701BA2001CDD7A /* FBSDKCoreKit.framework */; };
		71A452DC1B701BA2001CDD7A /* FBSDKCoreKit.framework in Frameworks */ = {isa = PBXBuildFile; fileRef = 71A452D61B701BA2001CDD7A /* FBSDKCoreKit.framework */; };
		71A452DD1B701BA2001CDD7A /* FBSDKLoginKit.framework in Frameworks */ = {isa = PBXBuildFile; fileRef = 71A452D71B701BA2001CDD7A /* FBSDKLoginKit.framework */; };
		71A452DE1B701BA2001CDD7A /* FBSDKLoginKit.framework in Frameworks */ = {isa = PBXBuildFile; fileRef = 71A452D71B701BA2001CDD7A /* FBSDKLoginKit.framework */; };
		71A452DF1B701BA2001CDD7A /* FBSDKShareKit.framework in Frameworks */ = {isa = PBXBuildFile; fileRef = 71A452D81B701BA2001CDD7A /* FBSDKShareKit.framework */; };
		71A452E01B701BA2001CDD7A /* FBSDKShareKit.framework in Frameworks */ = {isa = PBXBuildFile; fileRef = 71A452D81B701BA2001CDD7A /* FBSDKShareKit.framework */; };
		71A452E31B701BE8001CDD7A /* ShareViewController.swift in Sources */ = {isa = PBXBuildFile; fileRef = 71A452E11B701BE8001CDD7A /* ShareViewController.swift */; };
		71B74E911B72829100447958 /* AboutViewController.swift in Sources */ = {isa = PBXBuildFile; fileRef = 71B74E901B72829100447958 /* AboutViewController.swift */; };
		71B74E931B7282D100447958 /* SettingsTableViewCell.swift in Sources */ = {isa = PBXBuildFile; fileRef = 71B74E921B7282D100447958 /* SettingsTableViewCell.swift */; };
		71B74E951B7282FB00447958 /* AboutTableViewCell.swift in Sources */ = {isa = PBXBuildFile; fileRef = 71B74E941B7282FB00447958 /* AboutTableViewCell.swift */; };
		71B74E971B72B7D200447958 /* extension_js.js in Resources */ = {isa = PBXBuildFile; fileRef = 71B74E961B72B7D200447958 /* extension_js.js */; };
		71C9D7981B5F00BC00A1774B /* FriendsViewController.swift in Sources */ = {isa = PBXBuildFile; fileRef = 71C9D7971B5F00BC00A1774B /* FriendsViewController.swift */; };
		71C9D7A31B6002C300A1774B /* FriendTableViewCell.swift in Sources */ = {isa = PBXBuildFile; fileRef = 71C9D7A21B6002C300A1774B /* FriendTableViewCell.swift */; };
		71C9D7AA1B61624200A1774B /* FBUser.swift in Sources */ = {isa = PBXBuildFile; fileRef = 71C9D7A91B61624200A1774B /* FBUser.swift */; };
		71DFAB2C1B62E0300051D5A9 /* FBUser.swift in Sources */ = {isa = PBXBuildFile; fileRef = 71C9D7A91B61624200A1774B /* FBUser.swift */; };
		71DFAB501B66AADB0051D5A9 /* FriendsListTableViewCell.swift in Sources */ = {isa = PBXBuildFile; fileRef = 71DFAB4F1B66AADB0051D5A9 /* FriendsListTableViewCell.swift */; };
		71DFAB531B66AAE60051D5A9 /* FriendsListViewController.swift in Sources */ = {isa = PBXBuildFile; fileRef = 71DFAB511B66AAE60051D5A9 /* FriendsListViewController.swift */; };
		71E10F241B56E9970009A0E6 /* MainInterface.storyboard in Resources */ = {isa = PBXBuildFile; fileRef = 71E10F231B56E9970009A0E6 /* MainInterface.storyboard */; };
		71E10F271B56E9970009A0E6 /* ShareExtension.appex in Embed App Extensions */ = {isa = PBXBuildFile; fileRef = 71E10F1D1B56E9970009A0E6 /* ShareExtension.appex */; settings = {ATTRIBUTES = (RemoveHeadersOnCopy, ); }; };
		71E2009E1B6818F5004A3B92 /* SelectedFriendTableViewCell.swift in Sources */ = {isa = PBXBuildFile; fileRef = 71E2009D1B6818F5004A3B92 /* SelectedFriendTableViewCell.swift */; };
		71E200A61B681EA1004A3B92 /* SharingContentTableViewCell.swift in Sources */ = {isa = PBXBuildFile; fileRef = 71E200A51B681EA1004A3B92 /* SharingContentTableViewCell.swift */; };
		71E200AC1B6835E2004A3B92 /* ShowFriendsTableViewCell.swift in Sources */ = {isa = PBXBuildFile; fileRef = 71E200AB1B6835E2004A3B92 /* ShowFriendsTableViewCell.swift */; };
		71E20E251B6C456300794A9E /* AudioToolbox.framework in Frameworks */ = {isa = PBXBuildFile; fileRef = 62551B9F1B06C35B000913E4 /* AudioToolbox.framework */; };
		71E20E281B6C456F00794A9E /* CoreLocation.framework in Frameworks */ = {isa = PBXBuildFile; fileRef = 62551B991B06C31F000913E4 /* CoreLocation.framework */; };
		71E20E291B6C457400794A9E /* MobileCoreServices.framework in Frameworks */ = {isa = PBXBuildFile; fileRef = 62551B9D1B06C354000913E4 /* MobileCoreServices.framework */; };
		71E20E2A1B6C457900794A9E /* SystemConfiguration.framework in Frameworks */ = {isa = PBXBuildFile; fileRef = 62551B9B1B06C327000913E4 /* SystemConfiguration.framework */; };
		71E20E2B1B6C458100794A9E /* libsqlite3.dylib in Frameworks */ = {isa = PBXBuildFile; fileRef = 62551BA11B06C373000913E4 /* libsqlite3.dylib */; };
		71E20E371B6FD0AB00794A9E /* CFNetwork.framework in Frameworks */ = {isa = PBXBuildFile; fileRef = 71E20E361B6FD0AB00794A9E /* CFNetwork.framework */; };
		71E20E391B6FD10D00794A9E /* CoreGraphics.framework in Frameworks */ = {isa = PBXBuildFile; fileRef = 71E20E381B6FD10D00794A9E /* CoreGraphics.framework */; };
		71E20E3B1B6FD12300794A9E /* QuartzCore.framework in Frameworks */ = {isa = PBXBuildFile; fileRef = 71E20E3A1B6FD12300794A9E /* QuartzCore.framework */; };
		71E20E3D1B6FD14E00794A9E /* Security.framework in Frameworks */ = {isa = PBXBuildFile; fileRef = 71E20E3C1B6FD14E00794A9E /* Security.framework */; };
		71E20E401B6FD18900794A9E /* libz.dylib in Frameworks */ = {isa = PBXBuildFile; fileRef = 71E20E3F1B6FD18900794A9E /* libz.dylib */; };
		CE5DC50168F58233A606EC27 /* libPods-ShareExtension.a in Frameworks */ = {isa = PBXBuildFile; fileRef = A2B38B478D0424D4A2A5325F /* libPods-ShareExtension.a */; };
/* End PBXBuildFile section */

/* Begin PBXContainerItemProxy section */
		62551B7D1B06BFA2000913E4 /* PBXContainerItemProxy */ = {
			isa = PBXContainerItemProxy;
			containerPortal = 62551B751B06BFA2000913E4 /* Bond.xcodeproj */;
			proxyType = 2;
			remoteGlobalIDString = 69491BAE1A7C217100A13B6B;
			remoteInfo = Bond;
		};
		62551B7F1B06BFA2000913E4 /* PBXContainerItemProxy */ = {
			isa = PBXContainerItemProxy;
			containerPortal = 62551B751B06BFA2000913E4 /* Bond.xcodeproj */;
			proxyType = 2;
			remoteGlobalIDString = 69491BB91A7C217100A13B6B;
			remoteInfo = BondTests;
		};
		62551B811B06BFA2000913E4 /* PBXContainerItemProxy */ = {
			isa = PBXContainerItemProxy;
			containerPortal = 62551B751B06BFA2000913E4 /* Bond.xcodeproj */;
			proxyType = 2;
			remoteGlobalIDString = DCA979691A83C3A100DD4A30;
			remoteInfo = BondOSX;
		};
		62551B831B06BFA2000913E4 /* PBXContainerItemProxy */ = {
			isa = PBXContainerItemProxy;
			containerPortal = 62551B751B06BFA2000913E4 /* Bond.xcodeproj */;
			proxyType = 2;
			remoteGlobalIDString = DCA979731A83C3A200DD4A30;
			remoteInfo = BondOSXTests;
		};
		62551B851B06BFA2000913E4 /* PBXContainerItemProxy */ = {
			isa = PBXContainerItemProxy;
			containerPortal = 62551B751B06BFA2000913E4 /* Bond.xcodeproj */;
			proxyType = 2;
			remoteGlobalIDString = 03ACB4FE1AB555D6001B3E64;
			remoteInfo = iOSAppForTesting;
		};
		62551B8D1B06BFD7000913E4 /* PBXContainerItemProxy */ = {
			isa = PBXContainerItemProxy;
			containerPortal = 62551B871B06BFD7000913E4 /* ConvenienceKit.xcodeproj */;
			proxyType = 2;
			remoteGlobalIDString = 62EAE5DC1AD82A000069D0EC;
			remoteInfo = ConvenienceKit;
		};
		62551B8F1B06BFD7000913E4 /* PBXContainerItemProxy */ = {
			isa = PBXContainerItemProxy;
			containerPortal = 62551B871B06BFD7000913E4 /* ConvenienceKit.xcodeproj */;
			proxyType = 2;
			remoteGlobalIDString = 62EAE5E71AD82A000069D0EC;
			remoteInfo = ConvenienceKitTests;
		};
		62551B911B06BFD7000913E4 /* PBXContainerItemProxy */ = {
			isa = PBXContainerItemProxy;
			containerPortal = 62551B871B06BFD7000913E4 /* ConvenienceKit.xcodeproj */;
			proxyType = 2;
			remoteGlobalIDString = 62EAE65C1AD844C90069D0EC;
			remoteInfo = ConvenienceKitApp;
		};
		62A07D1F1B1E56C8001F6916 /* PBXContainerItemProxy */ = {
			isa = PBXContainerItemProxy;
			containerPortal = 62551B871B06BFD7000913E4 /* ConvenienceKit.xcodeproj */;
			proxyType = 1;
			remoteGlobalIDString = 62EAE5DB1AD82A000069D0EC;
			remoteInfo = ConvenienceKit;
		};
		62A07D701B1F7FB9001F6916 /* PBXContainerItemProxy */ = {
			isa = PBXContainerItemProxy;
			containerPortal = 62551B751B06BFA2000913E4 /* Bond.xcodeproj */;
			proxyType = 1;
			remoteGlobalIDString = 69491BAD1A7C217100A13B6B;
			remoteInfo = Bond;
		};
		71E10F251B56E9970009A0E6 /* PBXContainerItemProxy */ = {
			isa = PBXContainerItemProxy;
			containerPortal = 62C8C1D81B06BD6500DC3EA7 /* Project object */;
			proxyType = 1;
			remoteGlobalIDString = 71E10F1C1B56E9970009A0E6;
			remoteInfo = ShareExtension;
		};
/* End PBXContainerItemProxy section */

/* Begin PBXCopyFilesBuildPhase section */
		62A07D1C1B1E56C2001F6916 /* Embed Frameworks */ = {
			isa = PBXCopyFilesBuildPhase;
			buildActionMask = 2147483647;
			dstPath = "";
			dstSubfolderSpec = 10;
			files = (
				62A07D6F1B1F7FB9001F6916 /* Bond.framework in Embed Frameworks */,
				62A07D1E1B1E56C8001F6916 /* ConvenienceKit.framework in Embed Frameworks */,
			);
			name = "Embed Frameworks";
			runOnlyForDeploymentPostprocessing = 0;
		};
		71736A061B55B6FE00B290FC /* Embed App Extensions */ = {
			isa = PBXCopyFilesBuildPhase;
			buildActionMask = 2147483647;
			dstPath = "";
			dstSubfolderSpec = 13;
			files = (
				71E10F271B56E9970009A0E6 /* ShareExtension.appex in Embed App Extensions */,
			);
			name = "Embed App Extensions";
			runOnlyForDeploymentPostprocessing = 0;
		};
/* End PBXCopyFilesBuildPhase section */

/* Begin PBXFileReference section */
		624262B21B4460CB00005CE3 /* AppDelegate.swift */ = {isa = PBXFileReference; fileEncoding = 4; lastKnownFileType = sourcecode.swift; path = AppDelegate.swift; sourceTree = "<group>"; };
		624262B41B4460CB00005CE3 /* Base */ = {isa = PBXFileReference; lastKnownFileType = file.xib; name = Base; path = Base.lproj/LaunchScreen.xib; sourceTree = "<group>"; };
		624262B81B4460CB00005CE3 /* ErrorHandling.swift */ = {isa = PBXFileReference; fileEncoding = 4; lastKnownFileType = sourcecode.swift; path = ErrorHandling.swift; sourceTree = "<group>"; };
		624262B91B4460CB00005CE3 /* ParseLoginHelper.swift */ = {isa = PBXFileReference; fileEncoding = 4; lastKnownFileType = sourcecode.swift; path = ParseLoginHelper.swift; sourceTree = "<group>"; };
		624262BA1B4460CB00005CE3 /* Images.xcassets */ = {isa = PBXFileReference; lastKnownFileType = folder.assetcatalog; path = Images.xcassets; sourceTree = "<group>"; };
		624262BB1B4460CB00005CE3 /* Info.plist */ = {isa = PBXFileReference; fileEncoding = 4; lastKnownFileType = text.plist.xml; path = Info.plist; sourceTree = "<group>"; };
		624262BC1B4460CB00005CE3 /* TemplateProject-Bridging-Header.h */ = {isa = PBXFileReference; fileEncoding = 4; lastKnownFileType = sourcecode.c.h; path = "TemplateProject-Bridging-Header.h"; sourceTree = "<group>"; };
		62551B751B06BFA2000913E4 /* Bond.xcodeproj */ = {isa = PBXFileReference; lastKnownFileType = "wrapper.pb-project"; name = Bond.xcodeproj; path = Frameworks/Bond/Bond.xcodeproj; sourceTree = "<group>"; };
		62551B871B06BFD7000913E4 /* ConvenienceKit.xcodeproj */ = {isa = PBXFileReference; lastKnownFileType = "wrapper.pb-project"; name = ConvenienceKit.xcodeproj; path = Frameworks/ConvenienceKit/ConvenienceKit/ConvenienceKit.xcodeproj; sourceTree = "<group>"; };
		62551B951B06C2F5000913E4 /* Social.framework */ = {isa = PBXFileReference; lastKnownFileType = wrapper.framework; name = Social.framework; path = System/Library/Frameworks/Social.framework; sourceTree = SDKROOT; };
		62551B971B06C2FD000913E4 /* Accounts.framework */ = {isa = PBXFileReference; lastKnownFileType = wrapper.framework; name = Accounts.framework; path = System/Library/Frameworks/Accounts.framework; sourceTree = SDKROOT; };
		62551B991B06C31F000913E4 /* CoreLocation.framework */ = {isa = PBXFileReference; lastKnownFileType = wrapper.framework; name = CoreLocation.framework; path = System/Library/Frameworks/CoreLocation.framework; sourceTree = SDKROOT; };
		62551B9B1B06C327000913E4 /* SystemConfiguration.framework */ = {isa = PBXFileReference; lastKnownFileType = wrapper.framework; name = SystemConfiguration.framework; path = System/Library/Frameworks/SystemConfiguration.framework; sourceTree = SDKROOT; };
		62551B9D1B06C354000913E4 /* MobileCoreServices.framework */ = {isa = PBXFileReference; lastKnownFileType = wrapper.framework; name = MobileCoreServices.framework; path = System/Library/Frameworks/MobileCoreServices.framework; sourceTree = SDKROOT; };
		62551B9F1B06C35B000913E4 /* AudioToolbox.framework */ = {isa = PBXFileReference; lastKnownFileType = wrapper.framework; name = AudioToolbox.framework; path = System/Library/Frameworks/AudioToolbox.framework; sourceTree = SDKROOT; };
		62551BA11B06C373000913E4 /* libsqlite3.dylib */ = {isa = PBXFileReference; lastKnownFileType = "compiled.mach-o.dylib"; name = libsqlite3.dylib; path = usr/lib/libsqlite3.dylib; sourceTree = SDKROOT; };
		62A07D651B1F79F2001F6916 /* libstdc++.6.dylib */ = {isa = PBXFileReference; lastKnownFileType = "compiled.mach-o.dylib"; name = "libstdc++.6.dylib"; path = "usr/lib/libstdc++.6.dylib"; sourceTree = SDKROOT; };
		62C8C1E01B06BD6500DC3EA7 /* Linker.app */ = {isa = PBXFileReference; explicitFileType = wrapper.application; includeInIndex = 0; path = Linker.app; sourceTree = BUILT_PRODUCTS_DIR; };
		67A12CAA8732AA953F28CFD7 /* Pods-ShareExtension.debug.xcconfig */ = {isa = PBXFileReference; includeInIndex = 1; lastKnownFileType = text.xcconfig; name = "Pods-ShareExtension.debug.xcconfig"; path = "Pods/Target Support Files/Pods-ShareExtension/Pods-ShareExtension.debug.xcconfig"; sourceTree = "<group>"; };
		71180DBD1B73C4E400E6DA31 /* Foundation.framework */ = {isa = PBXFileReference; lastKnownFileType = wrapper.framework; name = Foundation.framework; path = System/Library/Frameworks/Foundation.framework; sourceTree = SDKROOT; };
		71400E2A1B5820DA00E3B8CB /* TemplateProject.entitlements */ = {isa = PBXFileReference; lastKnownFileType = text.xml; path = TemplateProject.entitlements; sourceTree = "<group>"; };
		71400E3E1B598A8B00E3B8CB /* ProfileViewController.swift */ = {isa = PBXFileReference; fileEncoding = 4; lastKnownFileType = sourcecode.swift; name = ProfileViewController.swift; path = ViewControllers/ProfileViewController.swift; sourceTree = "<group>"; };
		714D13621B7419BB003A5DB3 /* ProfileSectionHeader.xib */ = {isa = PBXFileReference; fileEncoding = 4; lastKnownFileType = file.xib; path = ProfileSectionHeader.xib; sourceTree = "<group>"; };
		714D136A1B741ABC003A5DB3 /* SettingsSectionHeader.swift */ = {isa = PBXFileReference; fileEncoding = 4; lastKnownFileType = sourcecode.swift; name = SettingsSectionHeader.swift; path = "Views/Profile & Settings/SettingsSectionHeader.swift"; sourceTree = "<group>"; };
		7156CFEE1B753D860045F642 /* MyLoginViewController.swift */ = {isa = PBXFileReference; fileEncoding = 4; lastKnownFileType = sourcecode.swift; name = MyLoginViewController.swift; path = ViewControllers/MyLoginViewController.swift; sourceTree = "<group>"; };
		71736A0B1B55DF1500B290FC /* Main.storyboard */ = {isa = PBXFileReference; fileEncoding = 4; lastKnownFileType = file.storyboard; path = Main.storyboard; sourceTree = "<group>"; };
		71A452811B6FDD1B001CDD7A /* StoreKit.framework */ = {isa = PBXFileReference; lastKnownFileType = wrapper.framework; name = StoreKit.framework; path = System/Library/Frameworks/StoreKit.framework; sourceTree = SDKROOT; };
		71A452CB1B7004AE001CDD7A /* Parse.framework */ = {isa = PBXFileReference; lastKnownFileType = wrapper.framework; path = Parse.framework; sourceTree = "<group>"; };
		71A452CC1B7004AE001CDD7A /* ParseCrashReporting.framework */ = {isa = PBXFileReference; lastKnownFileType = wrapper.framework; path = ParseCrashReporting.framework; sourceTree = "<group>"; };
		71A452CD1B7004AE001CDD7A /* ParseFacebookUtils.framework */ = {isa = PBXFileReference; lastKnownFileType = wrapper.framework; path = ParseFacebookUtils.framework; sourceTree = "<group>"; };
		71A452CE1B7004AE001CDD7A /* ParseFacebookUtilsV4.framework */ = {isa = PBXFileReference; lastKnownFileType = wrapper.framework; path = ParseFacebookUtilsV4.framework; sourceTree = "<group>"; };
		71A452CF1B7004AE001CDD7A /* ParseUI.framework */ = {isa = PBXFileReference; lastKnownFileType = wrapper.framework; path = ParseUI.framework; sourceTree = "<group>"; };
		71A452D51B701BA2001CDD7A /* Bolts.framework */ = {isa = PBXFileReference; lastKnownFileType = wrapper.framework; name = Bolts.framework; path = ../FacebookSDK/Bolts.framework; sourceTree = "<group>"; };
		71A452D61B701BA2001CDD7A /* FBSDKCoreKit.framework */ = {isa = PBXFileReference; lastKnownFileType = wrapper.framework; name = FBSDKCoreKit.framework; path = ../FacebookSDK/FBSDKCoreKit.framework; sourceTree = "<group>"; };
		71A452D71B701BA2001CDD7A /* FBSDKLoginKit.framework */ = {isa = PBXFileReference; lastKnownFileType = wrapper.framework; name = FBSDKLoginKit.framework; path = ../FacebookSDK/FBSDKLoginKit.framework; sourceTree = "<group>"; };
		71A452D81B701BA2001CDD7A /* FBSDKShareKit.framework */ = {isa = PBXFileReference; lastKnownFileType = wrapper.framework; name = FBSDKShareKit.framework; path = ../FacebookSDK/FBSDKShareKit.framework; sourceTree = "<group>"; };
		71A452E11B701BE8001CDD7A /* ShareViewController.swift */ = {isa = PBXFileReference; fileEncoding = 4; lastKnownFileType = sourcecode.swift; name = ShareViewController.swift; path = ViewControllers/ShareViewController.swift; sourceTree = "<group>"; };
		71B74E901B72829100447958 /* AboutViewController.swift */ = {isa = PBXFileReference; fileEncoding = 4; lastKnownFileType = sourcecode.swift; name = AboutViewController.swift; path = ViewControllers/AboutViewController.swift; sourceTree = "<group>"; };
		71B74E921B7282D100447958 /* SettingsTableViewCell.swift */ = {isa = PBXFileReference; fileEncoding = 4; lastKnownFileType = sourcecode.swift; name = SettingsTableViewCell.swift; path = "Views/Profile & Settings/SettingsTableViewCell.swift"; sourceTree = "<group>"; };
		71B74E941B7282FB00447958 /* AboutTableViewCell.swift */ = {isa = PBXFileReference; fileEncoding = 4; lastKnownFileType = sourcecode.swift; name = AboutTableViewCell.swift; path = "Views/Profile & Settings/AboutTableViewCell.swift"; sourceTree = "<group>"; };
		71B74E961B72B7D200447958 /* extension_js.js */ = {isa = PBXFileReference; fileEncoding = 4; lastKnownFileType = sourcecode.javascript; path = extension_js.js; sourceTree = "<group>"; };
		71C9D7971B5F00BC00A1774B /* FriendsViewController.swift */ = {isa = PBXFileReference; fileEncoding = 4; lastKnownFileType = sourcecode.swift; name = FriendsViewController.swift; path = ViewControllers/FriendsViewController.swift; sourceTree = "<group>"; };
		71C9D7A21B6002C300A1774B /* FriendTableViewCell.swift */ = {isa = PBXFileReference; fileEncoding = 4; lastKnownFileType = sourcecode.swift; name = FriendTableViewCell.swift; path = Views/Friends/FriendTableViewCell.swift; sourceTree = "<group>"; };
		71C9D7A91B61624200A1774B /* FBUser.swift */ = {isa = PBXFileReference; fileEncoding = 4; lastKnownFileType = sourcecode.swift; name = FBUser.swift; path = Model/FBUser.swift; sourceTree = "<group>"; };
		71DFAB301B630E1E0051D5A9 /* ShareExtension-Bridging-Header.h */ = {isa = PBXFileReference; lastKnownFileType = sourcecode.c.h; path = "ShareExtension-Bridging-Header.h"; sourceTree = "<group>"; };
		71DFAB341B630E760051D5A9 /* libPods-TemplateProject.a */ = {isa = PBXFileReference; lastKnownFileType = archive.ar; name = "libPods-TemplateProject.a"; path = "Pods/../build/Debug-iphoneos/libPods-TemplateProject.a"; sourceTree = "<group>"; };
		71DFAB4F1B66AADB0051D5A9 /* FriendsListTableViewCell.swift */ = {isa = PBXFileReference; fileEncoding = 4; lastKnownFileType = sourcecode.swift; name = FriendsListTableViewCell.swift; path = Views/FriendsListTableViewCell.swift; sourceTree = "<group>"; };
		71DFAB511B66AAE60051D5A9 /* FriendsListViewController.swift */ = {isa = PBXFileReference; fileEncoding = 4; lastKnownFileType = sourcecode.swift; name = FriendsListViewController.swift; path = ViewControllers/FriendsListViewController.swift; sourceTree = "<group>"; };
		71E10F1D1B56E9970009A0E6 /* ShareExtension.appex */ = {isa = PBXFileReference; explicitFileType = "wrapper.app-extension"; includeInIndex = 0; path = ShareExtension.appex; sourceTree = BUILT_PRODUCTS_DIR; };
		71E10F201B56E9970009A0E6 /* Info.plist */ = {isa = PBXFileReference; lastKnownFileType = text.plist.xml; path = Info.plist; sourceTree = "<group>"; };
		71E10F231B56E9970009A0E6 /* MainInterface.storyboard */ = {isa = PBXFileReference; lastKnownFileType = file.storyboard; path = MainInterface.storyboard; sourceTree = "<group>"; };
		71E10F2C1B5705720009A0E6 /* ShareExtension.entitlements */ = {isa = PBXFileReference; lastKnownFileType = text.xml; path = ShareExtension.entitlements; sourceTree = "<group>"; };
		71E2009D1B6818F5004A3B92 /* SelectedFriendTableViewCell.swift */ = {isa = PBXFileReference; fileEncoding = 4; lastKnownFileType = sourcecode.swift; name = SelectedFriendTableViewCell.swift; path = Views/SelectedFriendTableViewCell.swift; sourceTree = "<group>"; };
		71E200A51B681EA1004A3B92 /* SharingContentTableViewCell.swift */ = {isa = PBXFileReference; fileEncoding = 4; lastKnownFileType = sourcecode.swift; name = SharingContentTableViewCell.swift; path = Views/SharingContentTableViewCell.swift; sourceTree = "<group>"; };
		71E200AB1B6835E2004A3B92 /* ShowFriendsTableViewCell.swift */ = {isa = PBXFileReference; fileEncoding = 4; lastKnownFileType = sourcecode.swift; name = ShowFriendsTableViewCell.swift; path = Views/ShowFriendsTableViewCell.swift; sourceTree = "<group>"; };
		71E20E361B6FD0AB00794A9E /* CFNetwork.framework */ = {isa = PBXFileReference; lastKnownFileType = wrapper.framework; name = CFNetwork.framework; path = System/Library/Frameworks/CFNetwork.framework; sourceTree = SDKROOT; };
		71E20E381B6FD10D00794A9E /* CoreGraphics.framework */ = {isa = PBXFileReference; lastKnownFileType = wrapper.framework; name = CoreGraphics.framework; path = System/Library/Frameworks/CoreGraphics.framework; sourceTree = SDKROOT; };
		71E20E3A1B6FD12300794A9E /* QuartzCore.framework */ = {isa = PBXFileReference; lastKnownFileType = wrapper.framework; name = QuartzCore.framework; path = System/Library/Frameworks/QuartzCore.framework; sourceTree = SDKROOT; };
		71E20E3C1B6FD14E00794A9E /* Security.framework */ = {isa = PBXFileReference; lastKnownFileType = wrapper.framework; name = Security.framework; path = System/Library/Frameworks/Security.framework; sourceTree = SDKROOT; };
		71E20E3F1B6FD18900794A9E /* libz.dylib */ = {isa = PBXFileReference; lastKnownFileType = "compiled.mach-o.dylib"; name = libz.dylib; path = usr/lib/libz.dylib; sourceTree = SDKROOT; };
		A2B38B478D0424D4A2A5325F /* libPods-ShareExtension.a */ = {isa = PBXFileReference; explicitFileType = archive.ar; includeInIndex = 0; path = "libPods-ShareExtension.a"; sourceTree = BUILT_PRODUCTS_DIR; };
		ABF2E83DEC7BB934B93C4D67 /* Pods-TemplateProject.debug.xcconfig */ = {isa = PBXFileReference; includeInIndex = 1; lastKnownFileType = text.xcconfig; name = "Pods-TemplateProject.debug.xcconfig"; path = "Pods/Target Support Files/Pods-TemplateProject/Pods-TemplateProject.debug.xcconfig"; sourceTree = "<group>"; };
		BAD65D61CDEF181A399E5C91 /* Pods-ShareExtension.release.xcconfig */ = {isa = PBXFileReference; includeInIndex = 1; lastKnownFileType = text.xcconfig; name = "Pods-ShareExtension.release.xcconfig"; path = "Pods/Target Support Files/Pods-ShareExtension/Pods-ShareExtension.release.xcconfig"; sourceTree = "<group>"; };
		DB38F10847CE066209F0DF97 /* Pods-TemplateProject.release.xcconfig */ = {isa = PBXFileReference; includeInIndex = 1; lastKnownFileType = text.xcconfig; name = "Pods-TemplateProject.release.xcconfig"; path = "Pods/Target Support Files/Pods-TemplateProject/Pods-TemplateProject.release.xcconfig"; sourceTree = "<group>"; };
		E599FC9E224BF88EBE0832C9 /* libPods-TemplateProject.a */ = {isa = PBXFileReference; explicitFileType = archive.ar; includeInIndex = 0; path = "libPods-TemplateProject.a"; sourceTree = BUILT_PRODUCTS_DIR; };
/* End PBXFileReference section */

/* Begin PBXFrameworksBuildPhase section */
		62C8C1DD1B06BD6500DC3EA7 /* Frameworks */ = {
			isa = PBXFrameworksBuildPhase;
			buildActionMask = 2147483647;
			files = (
				71E20E401B6FD18900794A9E /* libz.dylib in Frameworks */,
				62551B9C1B06C327000913E4 /* SystemConfiguration.framework in Frameworks */,
				71E20E3D1B6FD14E00794A9E /* Security.framework in Frameworks */,
				71E20E3B1B6FD12300794A9E /* QuartzCore.framework in Frameworks */,
				71A452DB1B701BA2001CDD7A /* FBSDKCoreKit.framework in Frameworks */,
				71E20E391B6FD10D00794A9E /* CoreGraphics.framework in Frameworks */,
				71E20E371B6FD0AB00794A9E /* CFNetwork.framework in Frameworks */,
				71A452DF1B701BA2001CDD7A /* FBSDKShareKit.framework in Frameworks */,
				62A07D661B1F79F2001F6916 /* libstdc++.6.dylib in Frameworks */,
				71A452DD1B701BA2001CDD7A /* FBSDKLoginKit.framework in Frameworks */,
				62551BA21B06C373000913E4 /* libsqlite3.dylib in Frameworks */,
				62551BA01B06C35B000913E4 /* AudioToolbox.framework in Frameworks */,
				62551B9E1B06C354000913E4 /* MobileCoreServices.framework in Frameworks */,
				62551B9A1B06C31F000913E4 /* CoreLocation.framework in Frameworks */,
				62551B981B06C2FD000913E4 /* Accounts.framework in Frameworks */,
				62551B961B06C2F5000913E4 /* Social.framework in Frameworks */,
				62551B941B06C072000913E4 /* ConvenienceKit.framework in Frameworks */,
				62A07D6E1B1F7FB9001F6916 /* Bond.framework in Frameworks */,
				71A452D91B701BA2001CDD7A /* Bolts.framework in Frameworks */,
				71A452D21B7004E5001CDD7A /* Parse.framework in Frameworks */,
				71A452D31B700508001CDD7A /* ParseFacebookUtilsV4.framework in Frameworks */,
				71A452D41B700508001CDD7A /* ParseUI.framework in Frameworks */,
				2807B8F19002DBA6D7B1928E /* libPods-TemplateProject.a in Frameworks */,
			);
			runOnlyForDeploymentPostprocessing = 0;
		};
		71E10F1A1B56E9970009A0E6 /* Frameworks */ = {
			isa = PBXFrameworksBuildPhase;
			buildActionMask = 2147483647;
			files = (
				71A452861B6FDD47001CDD7A /* QuartzCore.framework in Frameworks */,
				71180DBE1B73C4E400E6DA31 /* Foundation.framework in Frameworks */,
				71A452DE1B701BA2001CDD7A /* FBSDKLoginKit.framework in Frameworks */,
				71A452DA1B701BA2001CDD7A /* Bolts.framework in Frameworks */,
				71A452871B6FDD55001CDD7A /* libz.dylib in Frameworks */,
				71A452851B6FDD3B001CDD7A /* CoreGraphics.framework in Frameworks */,
				71A452841B6FDD2D001CDD7A /* CFNetwork.framework in Frameworks */,
				71A452831B6FDD21001CDD7A /* Security.framework in Frameworks */,
				71A452821B6FDD1B001CDD7A /* StoreKit.framework in Frameworks */,
				71E20E2B1B6C458100794A9E /* libsqlite3.dylib in Frameworks */,
				71E20E2A1B6C457900794A9E /* SystemConfiguration.framework in Frameworks */,
				71E20E291B6C457400794A9E /* MobileCoreServices.framework in Frameworks */,
				71E20E281B6C456F00794A9E /* CoreLocation.framework in Frameworks */,
				71E20E251B6C456300794A9E /* AudioToolbox.framework in Frameworks */,
				71A452D11B7004D4001CDD7A /* Parse.framework in Frameworks */,
				71A452E01B701BA2001CDD7A /* FBSDKShareKit.framework in Frameworks */,
				71A452DC1B701BA2001CDD7A /* FBSDKCoreKit.framework in Frameworks */,
				71A452D01B7004C4001CDD7A /* ParseFacebookUtilsV4.framework in Frameworks */,
				CE5DC50168F58233A606EC27 /* libPods-ShareExtension.a in Frameworks */,
			);
			runOnlyForDeploymentPostprocessing = 0;
		};
/* End PBXFrameworksBuildPhase section */

/* Begin PBXGroup section */
		19A6BDCCEDF42D35B7B2F4F4 /* Pods */ = {
			isa = PBXGroup;
			children = (
				ABF2E83DEC7BB934B93C4D67 /* Pods-TemplateProject.debug.xcconfig */,
				DB38F10847CE066209F0DF97 /* Pods-TemplateProject.release.xcconfig */,
				67A12CAA8732AA953F28CFD7 /* Pods-ShareExtension.debug.xcconfig */,
				BAD65D61CDEF181A399E5C91 /* Pods-ShareExtension.release.xcconfig */,
			);
			name = Pods;
			sourceTree = "<group>";
		};
		624262B11B4460CB00005CE3 /* Linker */ = {
			isa = PBXGroup;
			children = (
				71C9D7A81B6161EC00A1774B /* Model */,
				71400E3C1B598A1C00E3B8CB /* Views */,
				71400E391B597B7100E3B8CB /* ViewControllers */,
				71400E2A1B5820DA00E3B8CB /* TemplateProject.entitlements */,
				624262B21B4460CB00005CE3 /* AppDelegate.swift */,
				624262B31B4460CB00005CE3 /* LaunchScreen.xib */,
				71736A0B1B55DF1500B290FC /* Main.storyboard */,
				624262B71B4460CB00005CE3 /* Helpers */,
				624262BA1B4460CB00005CE3 /* Images.xcassets */,
				624262BB1B4460CB00005CE3 /* Info.plist */,
				624262BC1B4460CB00005CE3 /* TemplateProject-Bridging-Header.h */,
			);
			name = Linker;
			path = TemplateProject;
			sourceTree = "<group>";
		};
		624262B71B4460CB00005CE3 /* Helpers */ = {
			isa = PBXGroup;
			children = (
				624262B81B4460CB00005CE3 /* ErrorHandling.swift */,
				624262B91B4460CB00005CE3 /* ParseLoginHelper.swift */,
			);
			path = Helpers;
			sourceTree = "<group>";
		};
		62551B621B06BF33000913E4 /* Frameworks */ = {
			isa = PBXGroup;
			children = (
				71180DBD1B73C4E400E6DA31 /* Foundation.framework */,
				71A452D51B701BA2001CDD7A /* Bolts.framework */,
				71A452D61B701BA2001CDD7A /* FBSDKCoreKit.framework */,
				71A452D71B701BA2001CDD7A /* FBSDKLoginKit.framework */,
				71A452D81B701BA2001CDD7A /* FBSDKShareKit.framework */,
				71A452CB1B7004AE001CDD7A /* Parse.framework */,
				71A452CC1B7004AE001CDD7A /* ParseCrashReporting.framework */,
				71A452CD1B7004AE001CDD7A /* ParseFacebookUtils.framework */,
				71A452CE1B7004AE001CDD7A /* ParseFacebookUtilsV4.framework */,
				71A452CF1B7004AE001CDD7A /* ParseUI.framework */,
				71A452811B6FDD1B001CDD7A /* StoreKit.framework */,
				71E20E3F1B6FD18900794A9E /* libz.dylib */,
				71E20E3C1B6FD14E00794A9E /* Security.framework */,
				71E20E3A1B6FD12300794A9E /* QuartzCore.framework */,
				71E20E381B6FD10D00794A9E /* CoreGraphics.framework */,
				71E20E361B6FD0AB00794A9E /* CFNetwork.framework */,
				71DFAB341B630E760051D5A9 /* libPods-TemplateProject.a */,
				62A07D651B1F79F2001F6916 /* libstdc++.6.dylib */,
				62551BA11B06C373000913E4 /* libsqlite3.dylib */,
				62551B9F1B06C35B000913E4 /* AudioToolbox.framework */,
				62551B9D1B06C354000913E4 /* MobileCoreServices.framework */,
				62551B9B1B06C327000913E4 /* SystemConfiguration.framework */,
				62551B991B06C31F000913E4 /* CoreLocation.framework */,
				62551B971B06C2FD000913E4 /* Accounts.framework */,
				62551B951B06C2F5000913E4 /* Social.framework */,
				62551B871B06BFD7000913E4 /* ConvenienceKit.xcodeproj */,
				62551B751B06BFA2000913E4 /* Bond.xcodeproj */,
				E599FC9E224BF88EBE0832C9 /* libPods-TemplateProject.a */,
				A2B38B478D0424D4A2A5325F /* libPods-ShareExtension.a */,
			);
			name = Frameworks;
			sourceTree = "<group>";
		};
		62551B761B06BFA2000913E4 /* Products */ = {
			isa = PBXGroup;
			children = (
				62551B7E1B06BFA2000913E4 /* Bond.framework */,
				62551B801B06BFA2000913E4 /* BondTests.xctest */,
				62551B821B06BFA2000913E4 /* Bond.framework */,
				62551B841B06BFA2000913E4 /* BondOSXTests.xctest */,
				62551B861B06BFA2000913E4 /* iOSAppForTesting.app */,
			);
			name = Products;
			sourceTree = "<group>";
		};
		62551B881B06BFD7000913E4 /* Products */ = {
			isa = PBXGroup;
			children = (
				62551B8E1B06BFD7000913E4 /* ConvenienceKit.framework */,
				62551B901B06BFD7000913E4 /* ConvenienceKitTests.xctest */,
				62551B921B06BFD7000913E4 /* ConvenienceKitApp.app */,
			);
			name = Products;
			sourceTree = "<group>";
		};
		62C8C1D71B06BD6500DC3EA7 = {
			isa = PBXGroup;
			children = (
				624262B11B4460CB00005CE3 /* Linker */,
				71E10F1E1B56E9970009A0E6 /* Linker-Share-extension */,
				62551B621B06BF33000913E4 /* Frameworks */,
				62C8C1E11B06BD6500DC3EA7 /* Products */,
				19A6BDCCEDF42D35B7B2F4F4 /* Pods */,
			);
			sourceTree = "<group>";
		};
		62C8C1E11B06BD6500DC3EA7 /* Products */ = {
			isa = PBXGroup;
			children = (
				62C8C1E01B06BD6500DC3EA7 /* Linker.app */,
				71E10F1D1B56E9970009A0E6 /* ShareExtension.appex */,
			);
			name = Products;
			sourceTree = "<group>";
		};
		71400E391B597B7100E3B8CB /* ViewControllers */ = {
			isa = PBXGroup;
			children = (
				71400E3E1B598A8B00E3B8CB /* ProfileViewController.swift */,
				71C9D7971B5F00BC00A1774B /* FriendsViewController.swift */,
				71B74E901B72829100447958 /* AboutViewController.swift */,
				7156CFEE1B753D860045F642 /* MyLoginViewController.swift */,
			);
			name = ViewControllers;
			sourceTree = "<group>";
		};
		71400E3C1B598A1C00E3B8CB /* Views */ = {
			isa = PBXGroup;
			children = (
				71C9D79B1B60029F00A1774B /* Friends */,
				71400E3D1B598A4000E3B8CB /* Profile & Settings */,
			);
			name = Views;
			sourceTree = "<group>";
		};
		71400E3D1B598A4000E3B8CB /* Profile & Settings */ = {
			isa = PBXGroup;
			children = (
				71B74E941B7282FB00447958 /* AboutTableViewCell.swift */,
				71B74E921B7282D100447958 /* SettingsTableViewCell.swift */,
				714D136A1B741ABC003A5DB3 /* SettingsSectionHeader.swift */,
				714D13621B7419BB003A5DB3 /* ProfileSectionHeader.xib */,
			);
			name = "Profile & Settings";
			sourceTree = "<group>";
		};
		71C9D79B1B60029F00A1774B /* Friends */ = {
			isa = PBXGroup;
			children = (
				71C9D7A21B6002C300A1774B /* FriendTableViewCell.swift */,
			);
			name = Friends;
			sourceTree = "<group>";
		};
		71C9D7A81B6161EC00A1774B /* Model */ = {
			isa = PBXGroup;
			children = (
				71C9D7A91B61624200A1774B /* FBUser.swift */,
			);
			name = Model;
			sourceTree = "<group>";
		};
		71DFAB4C1B66AA140051D5A9 /* ViewControllers */ = {
			isa = PBXGroup;
			children = (
				71A452E11B701BE8001CDD7A /* ShareViewController.swift */,
				71DFAB511B66AAE60051D5A9 /* FriendsListViewController.swift */,
			);
			name = ViewControllers;
			sourceTree = "<group>";
		};
		71DFAB4D1B66AA230051D5A9 /* Views */ = {
			isa = PBXGroup;
			children = (
				71DFAB4F1B66AADB0051D5A9 /* FriendsListTableViewCell.swift */,
				71E2009D1B6818F5004A3B92 /* SelectedFriendTableViewCell.swift */,
				71E200A51B681EA1004A3B92 /* SharingContentTableViewCell.swift */,
				71E200AB1B6835E2004A3B92 /* ShowFriendsTableViewCell.swift */,
			);
			name = Views;
			sourceTree = "<group>";
		};
		71E10F1E1B56E9970009A0E6 /* Linker-Share-extension */ = {
			isa = PBXGroup;
			children = (
				71DFAB4D1B66AA230051D5A9 /* Views */,
				71DFAB4C1B66AA140051D5A9 /* ViewControllers */,
				71E10F2C1B5705720009A0E6 /* ShareExtension.entitlements */,
				71E10F231B56E9970009A0E6 /* MainInterface.storyboard */,
				71E10F1F1B56E9970009A0E6 /* Supporting Files */,
				71DFAB301B630E1E0051D5A9 /* ShareExtension-Bridging-Header.h */,
			);
			name = "Linker-Share-extension";
			path = ShareExtension;
			sourceTree = "<group>";
		};
		71E10F1F1B56E9970009A0E6 /* Supporting Files */ = {
			isa = PBXGroup;
			children = (
				71E10F201B56E9970009A0E6 /* Info.plist */,
				71B74E961B72B7D200447958 /* extension_js.js */,
			);
			name = "Supporting Files";
			sourceTree = "<group>";
		};
/* End PBXGroup section */

/* Begin PBXNativeTarget section */
		62C8C1DF1B06BD6500DC3EA7 /* Linker */ = {
			isa = PBXNativeTarget;
			buildConfigurationList = 62C8C1FF1B06BD6500DC3EA7 /* Build configuration list for PBXNativeTarget "Linker" */;
			buildPhases = (
				910478B35EDACEDCAACC6B9C /* Check Pods Manifest.lock */,
				62C8C1DC1B06BD6500DC3EA7 /* Sources */,
				62C8C1DD1B06BD6500DC3EA7 /* Frameworks */,
				62C8C1DE1B06BD6500DC3EA7 /* Resources */,
				62A07D1C1B1E56C2001F6916 /* Embed Frameworks */,
				71736A061B55B6FE00B290FC /* Embed App Extensions */,
				1EAE6F3428E7B2B21FE83019 /* Copy Pods Resources */,
			);
			buildRules = (
			);
			dependencies = (
				62A07D201B1E56C8001F6916 /* PBXTargetDependency */,
				62A07D711B1F7FB9001F6916 /* PBXTargetDependency */,
				71E10F261B56E9970009A0E6 /* PBXTargetDependency */,
			);
			name = Linker;
			productName = Makestagram;
			productReference = 62C8C1E01B06BD6500DC3EA7 /* Linker.app */;
			productType = "com.apple.product-type.application";
		};
		71E10F1C1B56E9970009A0E6 /* ShareExtension */ = {
			isa = PBXNativeTarget;
			buildConfigurationList = 71E10F281B56E9970009A0E6 /* Build configuration list for PBXNativeTarget "ShareExtension" */;
			buildPhases = (
				5D5B6FF9E5A2389CFF873629 /* Check Pods Manifest.lock */,
				71E10F191B56E9970009A0E6 /* Sources */,
				71E10F1A1B56E9970009A0E6 /* Frameworks */,
				71E10F1B1B56E9970009A0E6 /* Resources */,
				61EC16B44AF6BA6F2AFD5FA1 /* Copy Pods Resources */,
			);
			buildRules = (
			);
			dependencies = (
			);
			name = ShareExtension;
			productName = ShareExtension;
			productReference = 71E10F1D1B56E9970009A0E6 /* ShareExtension.appex */;
			productType = "com.apple.product-type.app-extension";
		};
/* End PBXNativeTarget section */

/* Begin PBXProject section */
		62C8C1D81B06BD6500DC3EA7 /* Project object */ = {
			isa = PBXProject;
			attributes = {
				LastUpgradeCheck = 0630;
				ORGANIZATIONNAME = "Make School";
				TargetAttributes = {
					62C8C1DF1B06BD6500DC3EA7 = {
						CreatedOnToolsVersion = 6.3;
						DevelopmentTeam = CBJTJ7T292;
						SystemCapabilities = {
							com.apple.ApplicationGroups.iOS = {
								enabled = 1;
							};
							com.apple.InAppPurchase = {
								enabled = 0;
							};
							com.apple.Keychain = {
								enabled = 1;
							};
						};
					};
					71E10F1C1B56E9970009A0E6 = {
						CreatedOnToolsVersion = 6.4;
						DevelopmentTeam = CBJTJ7T292;
						SystemCapabilities = {
							com.apple.ApplicationGroups.iOS = {
								enabled = 1;
							};
							com.apple.Keychain = {
								enabled = 1;
							};
						};
					};
				};
			};
			buildConfigurationList = 62C8C1DB1B06BD6500DC3EA7 /* Build configuration list for PBXProject "Linker" */;
			compatibilityVersion = "Xcode 3.2";
			developmentRegion = English;
			hasScannedForEncodings = 0;
			knownRegions = (
				en,
				Base,
			);
			mainGroup = 62C8C1D71B06BD6500DC3EA7;
			productRefGroup = 62C8C1E11B06BD6500DC3EA7 /* Products */;
			projectDirPath = "";
			projectReferences = (
				{
					ProductGroup = 62551B761B06BFA2000913E4 /* Products */;
					ProjectRef = 62551B751B06BFA2000913E4 /* Bond.xcodeproj */;
				},
				{
					ProductGroup = 62551B881B06BFD7000913E4 /* Products */;
					ProjectRef = 62551B871B06BFD7000913E4 /* ConvenienceKit.xcodeproj */;
				},
			);
			projectRoot = "";
			targets = (
				62C8C1DF1B06BD6500DC3EA7 /* Linker */,
				71E10F1C1B56E9970009A0E6 /* ShareExtension */,
			);
		};
/* End PBXProject section */

/* Begin PBXReferenceProxy section */
		62551B7E1B06BFA2000913E4 /* Bond.framework */ = {
			isa = PBXReferenceProxy;
			fileType = wrapper.framework;
			path = Bond.framework;
			remoteRef = 62551B7D1B06BFA2000913E4 /* PBXContainerItemProxy */;
			sourceTree = BUILT_PRODUCTS_DIR;
		};
		62551B801B06BFA2000913E4 /* BondTests.xctest */ = {
			isa = PBXReferenceProxy;
			fileType = wrapper.cfbundle;
			path = BondTests.xctest;
			remoteRef = 62551B7F1B06BFA2000913E4 /* PBXContainerItemProxy */;
			sourceTree = BUILT_PRODUCTS_DIR;
		};
		62551B821B06BFA2000913E4 /* Bond.framework */ = {
			isa = PBXReferenceProxy;
			fileType = wrapper.framework;
			path = Bond.framework;
			remoteRef = 62551B811B06BFA2000913E4 /* PBXContainerItemProxy */;
			sourceTree = BUILT_PRODUCTS_DIR;
		};
		62551B841B06BFA2000913E4 /* BondOSXTests.xctest */ = {
			isa = PBXReferenceProxy;
			fileType = wrapper.cfbundle;
			path = BondOSXTests.xctest;
			remoteRef = 62551B831B06BFA2000913E4 /* PBXContainerItemProxy */;
			sourceTree = BUILT_PRODUCTS_DIR;
		};
		62551B861B06BFA2000913E4 /* iOSAppForTesting.app */ = {
			isa = PBXReferenceProxy;
			fileType = wrapper.application;
			path = iOSAppForTesting.app;
			remoteRef = 62551B851B06BFA2000913E4 /* PBXContainerItemProxy */;
			sourceTree = BUILT_PRODUCTS_DIR;
		};
		62551B8E1B06BFD7000913E4 /* ConvenienceKit.framework */ = {
			isa = PBXReferenceProxy;
			fileType = wrapper.framework;
			path = ConvenienceKit.framework;
			remoteRef = 62551B8D1B06BFD7000913E4 /* PBXContainerItemProxy */;
			sourceTree = BUILT_PRODUCTS_DIR;
		};
		62551B901B06BFD7000913E4 /* ConvenienceKitTests.xctest */ = {
			isa = PBXReferenceProxy;
			fileType = wrapper.cfbundle;
			path = ConvenienceKitTests.xctest;
			remoteRef = 62551B8F1B06BFD7000913E4 /* PBXContainerItemProxy */;
			sourceTree = BUILT_PRODUCTS_DIR;
		};
		62551B921B06BFD7000913E4 /* ConvenienceKitApp.app */ = {
			isa = PBXReferenceProxy;
			fileType = wrapper.application;
			path = ConvenienceKitApp.app;
			remoteRef = 62551B911B06BFD7000913E4 /* PBXContainerItemProxy */;
			sourceTree = BUILT_PRODUCTS_DIR;
		};
/* End PBXReferenceProxy section */

/* Begin PBXResourcesBuildPhase section */
		62C8C1DE1B06BD6500DC3EA7 /* Resources */ = {
			isa = PBXResourcesBuildPhase;
			buildActionMask = 2147483647;
			files = (
				714D13631B7419BB003A5DB3 /* ProfileSectionHeader.xib in Resources */,
				71736A0C1B55DF1500B290FC /* Main.storyboard in Resources */,
				624262C51B4460CB00005CE3 /* Images.xcassets in Resources */,
				624262C11B4460CB00005CE3 /* LaunchScreen.xib in Resources */,
			);
			runOnlyForDeploymentPostprocessing = 0;
		};
		71E10F1B1B56E9970009A0E6 /* Resources */ = {
			isa = PBXResourcesBuildPhase;
			buildActionMask = 2147483647;
			files = (
				7156CFF01B7568180045F642 /* Images.xcassets in Resources */,
				71E10F241B56E9970009A0E6 /* MainInterface.storyboard in Resources */,
				71B74E971B72B7D200447958 /* extension_js.js in Resources */,
			);
			runOnlyForDeploymentPostprocessing = 0;
		};
/* End PBXResourcesBuildPhase section */

/* Begin PBXShellScriptBuildPhase section */
		1EAE6F3428E7B2B21FE83019 /* Copy Pods Resources */ = {
			isa = PBXShellScriptBuildPhase;
			buildActionMask = 2147483647;
			files = (
			);
			inputPaths = (
			);
			name = "Copy Pods Resources";
			outputPaths = (
			);
			runOnlyForDeploymentPostprocessing = 0;
			shellPath = /bin/sh;
			shellScript = "\"${SRCROOT}/Pods/Target Support Files/Pods-TemplateProject/Pods-TemplateProject-resources.sh\"\n";
			showEnvVarsInLog = 0;
		};
		5D5B6FF9E5A2389CFF873629 /* Check Pods Manifest.lock */ = {
			isa = PBXShellScriptBuildPhase;
			buildActionMask = 2147483647;
			files = (
			);
			inputPaths = (
			);
			name = "Check Pods Manifest.lock";
			outputPaths = (
			);
			runOnlyForDeploymentPostprocessing = 0;
			shellPath = /bin/sh;
			shellScript = "diff \"${PODS_ROOT}/../Podfile.lock\" \"${PODS_ROOT}/Manifest.lock\" > /dev/null\nif [[ $? != 0 ]] ; then\n    cat << EOM\nerror: The sandbox is not in sync with the Podfile.lock. Run 'pod install' or update your CocoaPods installation.\nEOM\n    exit 1\nfi\n";
			showEnvVarsInLog = 0;
		};
		61EC16B44AF6BA6F2AFD5FA1 /* Copy Pods Resources */ = {
			isa = PBXShellScriptBuildPhase;
			buildActionMask = 2147483647;
			files = (
			);
			inputPaths = (
			);
			name = "Copy Pods Resources";
			outputPaths = (
			);
			runOnlyForDeploymentPostprocessing = 0;
			shellPath = /bin/sh;
			shellScript = "\"${SRCROOT}/Pods/Target Support Files/Pods-ShareExtension/Pods-ShareExtension-resources.sh\"\n";
			showEnvVarsInLog = 0;
		};
		910478B35EDACEDCAACC6B9C /* Check Pods Manifest.lock */ = {
			isa = PBXShellScriptBuildPhase;
			buildActionMask = 2147483647;
			files = (
			);
			inputPaths = (
			);
			name = "Check Pods Manifest.lock";
			outputPaths = (
			);
			runOnlyForDeploymentPostprocessing = 0;
			shellPath = /bin/sh;
			shellScript = "diff \"${PODS_ROOT}/../Podfile.lock\" \"${PODS_ROOT}/Manifest.lock\" > /dev/null\nif [[ $? != 0 ]] ; then\n    cat << EOM\nerror: The sandbox is not in sync with the Podfile.lock. Run 'pod install' or update your CocoaPods installation.\nEOM\n    exit 1\nfi\n";
			showEnvVarsInLog = 0;
		};
/* End PBXShellScriptBuildPhase section */

/* Begin PBXSourcesBuildPhase section */
		62C8C1DC1B06BD6500DC3EA7 /* Sources */ = {
			isa = PBXSourcesBuildPhase;
			buildActionMask = 2147483647;
			files = (
				7156CFEF1B753D860045F642 /* MyLoginViewController.swift in Sources */,
				624262C01B4460CB00005CE3 /* AppDelegate.swift in Sources */,
				714D136B1B741ABC003A5DB3 /* SettingsSectionHeader.swift in Sources */,
				71B74E951B7282FB00447958 /* AboutTableViewCell.swift in Sources */,
				624262C41B4460CB00005CE3 /* ParseLoginHelper.swift in Sources */,
				71400E3F1B598A8B00E3B8CB /* ProfileViewController.swift in Sources */,
				71B74E931B7282D100447958 /* SettingsTableViewCell.swift in Sources */,
				71B74E911B72829100447958 /* AboutViewController.swift in Sources */,
				71C9D7A31B6002C300A1774B /* FriendTableViewCell.swift in Sources */,
				71C9D7981B5F00BC00A1774B /* FriendsViewController.swift in Sources */,
				624262C31B4460CB00005CE3 /* ErrorHandling.swift in Sources */,
				71C9D7AA1B61624200A1774B /* FBUser.swift in Sources */,
			);
			runOnlyForDeploymentPostprocessing = 0;
		};
		71E10F191B56E9970009A0E6 /* Sources */ = {
			isa = PBXSourcesBuildPhase;
			buildActionMask = 2147483647;
			files = (
				71A452E31B701BE8001CDD7A /* ShareViewController.swift in Sources */,
				71E200AC1B6835E2004A3B92 /* ShowFriendsTableViewCell.swift in Sources */,
				71E200A61B681EA1004A3B92 /* SharingContentTableViewCell.swift in Sources */,
				71DFAB2C1B62E0300051D5A9 /* FBUser.swift in Sources */,
				71DFAB531B66AAE60051D5A9 /* FriendsListViewController.swift in Sources */,
				71E2009E1B6818F5004A3B92 /* SelectedFriendTableViewCell.swift in Sources */,
				7156CFF11B757F140045F642 /* Images.xcassets in Sources */,
				71DFAB501B66AADB0051D5A9 /* FriendsListTableViewCell.swift in Sources */,
			);
			runOnlyForDeploymentPostprocessing = 0;
		};
/* End PBXSourcesBuildPhase section */

/* Begin PBXTargetDependency section */
		62A07D201B1E56C8001F6916 /* PBXTargetDependency */ = {
			isa = PBXTargetDependency;
			name = ConvenienceKit;
			targetProxy = 62A07D1F1B1E56C8001F6916 /* PBXContainerItemProxy */;
		};
		62A07D711B1F7FB9001F6916 /* PBXTargetDependency */ = {
			isa = PBXTargetDependency;
			name = Bond;
			targetProxy = 62A07D701B1F7FB9001F6916 /* PBXContainerItemProxy */;
		};
		71E10F261B56E9970009A0E6 /* PBXTargetDependency */ = {
			isa = PBXTargetDependency;
			target = 71E10F1C1B56E9970009A0E6 /* ShareExtension */;
			targetProxy = 71E10F251B56E9970009A0E6 /* PBXContainerItemProxy */;
		};
/* End PBXTargetDependency section */

/* Begin PBXVariantGroup section */
		624262B31B4460CB00005CE3 /* LaunchScreen.xib */ = {
			isa = PBXVariantGroup;
			children = (
				624262B41B4460CB00005CE3 /* Base */,
			);
			name = LaunchScreen.xib;
			sourceTree = "<group>";
		};
/* End PBXVariantGroup section */

/* Begin XCBuildConfiguration section */
		62C8C1FD1B06BD6500DC3EA7 /* Debug */ = {
			isa = XCBuildConfiguration;
			buildSettings = {
				ALWAYS_SEARCH_USER_PATHS = NO;
				CLANG_CXX_LANGUAGE_STANDARD = "gnu++0x";
				CLANG_CXX_LIBRARY = "libc++";
				CLANG_ENABLE_MODULES = YES;
				CLANG_ENABLE_OBJC_ARC = YES;
				CLANG_WARN_BOOL_CONVERSION = YES;
				CLANG_WARN_CONSTANT_CONVERSION = YES;
				CLANG_WARN_DIRECT_OBJC_ISA_USAGE = YES_ERROR;
				CLANG_WARN_EMPTY_BODY = YES;
				CLANG_WARN_ENUM_CONVERSION = YES;
				CLANG_WARN_INT_CONVERSION = YES;
				CLANG_WARN_OBJC_ROOT_CLASS = YES_ERROR;
				CLANG_WARN_UNREACHABLE_CODE = YES;
				CLANG_WARN__DUPLICATE_METHOD_MATCH = YES;
				"CODE_SIGN_IDENTITY[sdk=iphoneos*]" = "iPhone Developer";
				COPY_PHASE_STRIP = NO;
				DEBUG_INFORMATION_FORMAT = "dwarf-with-dsym";
				ENABLE_STRICT_OBJC_MSGSEND = YES;
				GCC_C_LANGUAGE_STANDARD = gnu99;
				GCC_DYNAMIC_NO_PIC = NO;
				GCC_NO_COMMON_BLOCKS = YES;
				GCC_OPTIMIZATION_LEVEL = 0;
				GCC_PREPROCESSOR_DEFINITIONS = (
					"DEBUG=1",
					"$(inherited)",
				);
				GCC_SYMBOLS_PRIVATE_EXTERN = NO;
				GCC_WARN_64_TO_32_BIT_CONVERSION = YES;
				GCC_WARN_ABOUT_RETURN_TYPE = YES_ERROR;
				GCC_WARN_UNDECLARED_SELECTOR = YES;
				GCC_WARN_UNINITIALIZED_AUTOS = YES_AGGRESSIVE;
				GCC_WARN_UNUSED_FUNCTION = YES;
				GCC_WARN_UNUSED_VARIABLE = YES;
				IPHONEOS_DEPLOYMENT_TARGET = 8.3;
				MTL_ENABLE_DEBUG_INFO = YES;
				ONLY_ACTIVE_ARCH = YES;
				SDKROOT = iphoneos;
				SWIFT_OPTIMIZATION_LEVEL = "-Onone";
				TARGETED_DEVICE_FAMILY = "1,2";
			};
			name = Debug;
		};
		62C8C1FE1B06BD6500DC3EA7 /* Release */ = {
			isa = XCBuildConfiguration;
			buildSettings = {
				ALWAYS_SEARCH_USER_PATHS = NO;
				CLANG_CXX_LANGUAGE_STANDARD = "gnu++0x";
				CLANG_CXX_LIBRARY = "libc++";
				CLANG_ENABLE_MODULES = YES;
				CLANG_ENABLE_OBJC_ARC = YES;
				CLANG_WARN_BOOL_CONVERSION = YES;
				CLANG_WARN_CONSTANT_CONVERSION = YES;
				CLANG_WARN_DIRECT_OBJC_ISA_USAGE = YES_ERROR;
				CLANG_WARN_EMPTY_BODY = YES;
				CLANG_WARN_ENUM_CONVERSION = YES;
				CLANG_WARN_INT_CONVERSION = YES;
				CLANG_WARN_OBJC_ROOT_CLASS = YES_ERROR;
				CLANG_WARN_UNREACHABLE_CODE = YES;
				CLANG_WARN__DUPLICATE_METHOD_MATCH = YES;
				"CODE_SIGN_IDENTITY[sdk=iphoneos*]" = "iPhone Developer";
				COPY_PHASE_STRIP = NO;
				DEBUG_INFORMATION_FORMAT = "dwarf-with-dsym";
				ENABLE_NS_ASSERTIONS = NO;
				ENABLE_STRICT_OBJC_MSGSEND = YES;
				GCC_C_LANGUAGE_STANDARD = gnu99;
				GCC_NO_COMMON_BLOCKS = YES;
				GCC_WARN_64_TO_32_BIT_CONVERSION = YES;
				GCC_WARN_ABOUT_RETURN_TYPE = YES_ERROR;
				GCC_WARN_UNDECLARED_SELECTOR = YES;
				GCC_WARN_UNINITIALIZED_AUTOS = YES_AGGRESSIVE;
				GCC_WARN_UNUSED_FUNCTION = YES;
				GCC_WARN_UNUSED_VARIABLE = YES;
				IPHONEOS_DEPLOYMENT_TARGET = 8.3;
				MTL_ENABLE_DEBUG_INFO = NO;
				SDKROOT = iphoneos;
				TARGETED_DEVICE_FAMILY = "1,2";
				VALIDATE_PRODUCT = YES;
			};
			name = Release;
		};
		62C8C2001B06BD6500DC3EA7 /* Debug */ = {
			isa = XCBuildConfiguration;
			baseConfigurationReference = ABF2E83DEC7BB934B93C4D67 /* Pods-TemplateProject.debug.xcconfig */;
			buildSettings = {
				ASSETCATALOG_COMPILER_APPICON_NAME = AppIcon;
				CLANG_ALLOW_NON_MODULAR_INCLUDES_IN_FRAMEWORK_MODULES = NO;
				CLANG_ENABLE_MODULES = YES;
				CODE_SIGN_ENTITLEMENTS = TemplateProject/TemplateProject.entitlements;
				CODE_SIGN_IDENTITY = "iPhone Developer";
				"CODE_SIGN_IDENTITY[sdk=iphoneos*]" = "iPhone Developer";
				FRAMEWORK_SEARCH_PATHS = (
					"$(inherited)",
					"$(PROJECT_DIR)/Frameworks",
					"$(PROJECT_DIR)/Frameworks/ConvenienceKit/ConvenienceKit/Frameworks",
					"/Users/Darkhan/Downloads/parse-library-1",
					"$(PROJECT_DIR)",
					/Users/Darkhan/Documents/FacebookSDK,
				);
				INFOPLIST_FILE = TemplateProject/Info.plist;
				LD_RUNPATH_SEARCH_PATHS = "$(inherited) @executable_path/Frameworks";
				OTHER_LDFLAGS = "$(inherited)";
				PRODUCT_NAME = Linker;
				PROVISIONING_PROFILE = "";
				SWIFT_OBJC_BRIDGING_HEADER = "TemplateProject/TemplateProject-Bridging-Header.h";
				SWIFT_OPTIMIZATION_LEVEL = "-Onone";
				TARGETED_DEVICE_FAMILY = 1;
			};
			name = Debug;
		};
		62C8C2011B06BD6500DC3EA7 /* Release */ = {
			isa = XCBuildConfiguration;
			baseConfigurationReference = DB38F10847CE066209F0DF97 /* Pods-TemplateProject.release.xcconfig */;
			buildSettings = {
				ASSETCATALOG_COMPILER_APPICON_NAME = AppIcon;
				CLANG_ALLOW_NON_MODULAR_INCLUDES_IN_FRAMEWORK_MODULES = NO;
				CLANG_ENABLE_MODULES = YES;
				CODE_SIGN_ENTITLEMENTS = TemplateProject/TemplateProject.entitlements;
				CODE_SIGN_IDENTITY = "iPhone Developer";
				"CODE_SIGN_IDENTITY[sdk=iphoneos*]" = "iPhone Developer";
				FRAMEWORK_SEARCH_PATHS = (
					"$(inherited)",
					"$(PROJECT_DIR)/Frameworks",
					"$(PROJECT_DIR)/Frameworks/ConvenienceKit/ConvenienceKit/Frameworks",
					"/Users/Darkhan/Downloads/parse-library-1",
					"$(PROJECT_DIR)",
					/Users/Darkhan/Documents/FacebookSDK,
				);
				INFOPLIST_FILE = TemplateProject/Info.plist;
				LD_RUNPATH_SEARCH_PATHS = "$(inherited) @executable_path/Frameworks";
				OTHER_LDFLAGS = "$(inherited)";
				PRODUCT_NAME = Linker;
				PROVISIONING_PROFILE = "";
				SWIFT_OBJC_BRIDGING_HEADER = "TemplateProject/TemplateProject-Bridging-Header.h";
				TARGETED_DEVICE_FAMILY = 1;
			};
			name = Release;
		};
		71E10F291B56E9970009A0E6 /* Debug */ = {
			isa = XCBuildConfiguration;
			baseConfigurationReference = 67A12CAA8732AA953F28CFD7 /* Pods-ShareExtension.debug.xcconfig */;
			buildSettings = {
				ASSETCATALOG_COMPILER_APPICON_NAME = AppIcon;
				CLANG_ENABLE_MODULES = YES;
				CODE_SIGN_ENTITLEMENTS = ShareExtension/ShareExtension.entitlements;
				CODE_SIGN_IDENTITY = "iPhone Developer";
				"CODE_SIGN_IDENTITY[sdk=iphoneos*]" = "iPhone Developer";
				FRAMEWORK_SEARCH_PATHS = (
					"$(inherited)",
					"$(PROJECT_DIR)/Frameworks",
					/Users/Darkhan/.Trash,
					"/Users/Darkhan/Downloads/parse-library-1",
					"$(PROJECT_DIR)",
					/Users/Darkhan/Documents/FacebookSDK,
				);
				GCC_PREPROCESSOR_DEFINITIONS = (
					"DEBUG=1",
					"$(inherited)",
				);
				INFOPLIST_FILE = ShareExtension/Info.plist;
				IPHONEOS_DEPLOYMENT_TARGET = 8.4;
				LD_RUNPATH_SEARCH_PATHS = "$(inherited) @executable_path/Frameworks @executable_path/../../Frameworks";
				LIBRARY_SEARCH_PATHS = "$(inherited)";
				PRODUCT_NAME = "$(TARGET_NAME)";
				PROVISIONING_PROFILE = "";
				SKIP_INSTALL = YES;
				SWIFT_OBJC_BRIDGING_HEADER = "ShareExtension/ShareExtension-Bridging-Header.h";
				SWIFT_OPTIMIZATION_LEVEL = "-Onone";
				TARGETED_DEVICE_FAMILY = 1;
			};
			name = Debug;
		};
		71E10F2A1B56E9970009A0E6 /* Release */ = {
			isa = XCBuildConfiguration;
			baseConfigurationReference = BAD65D61CDEF181A399E5C91 /* Pods-ShareExtension.release.xcconfig */;
			buildSettings = {
				ASSETCATALOG_COMPILER_APPICON_NAME = AppIcon;
				CLANG_ENABLE_MODULES = YES;
				CODE_SIGN_ENTITLEMENTS = ShareExtension/ShareExtension.entitlements;
				CODE_SIGN_IDENTITY = "iPhone Developer";
				"CODE_SIGN_IDENTITY[sdk=iphoneos*]" = "iPhone Developer";
				FRAMEWORK_SEARCH_PATHS = (
					"$(inherited)",
					"$(PROJECT_DIR)/Frameworks",
					/Users/Darkhan/.Trash,
					"/Users/Darkhan/Downloads/parse-library-1",
					"$(PROJECT_DIR)",
					/Users/Darkhan/Documents/FacebookSDK,
				);
				INFOPLIST_FILE = ShareExtension/Info.plist;
				IPHONEOS_DEPLOYMENT_TARGET = 8.4;
				LD_RUNPATH_SEARCH_PATHS = "$(inherited) @executable_path/Frameworks @executable_path/../../Frameworks";
				LIBRARY_SEARCH_PATHS = "$(inherited)";
				PRODUCT_NAME = "$(TARGET_NAME)";
				PROVISIONING_PROFILE = "";
				SKIP_INSTALL = YES;
				SWIFT_OBJC_BRIDGING_HEADER = "ShareExtension/ShareExtension-Bridging-Header.h";
				TARGETED_DEVICE_FAMILY = 1;
			};
			name = Release;
		};
/* End XCBuildConfiguration section */

/* Begin XCConfigurationList section */
		62C8C1DB1B06BD6500DC3EA7 /* Build configuration list for PBXProject "Linker" */ = {
			isa = XCConfigurationList;
			buildConfigurations = (
				62C8C1FD1B06BD6500DC3EA7 /* Debug */,
				62C8C1FE1B06BD6500DC3EA7 /* Release */,
			);
			defaultConfigurationIsVisible = 0;
			defaultConfigurationName = Release;
		};
		62C8C1FF1B06BD6500DC3EA7 /* Build configuration list for PBXNativeTarget "Linker" */ = {
			isa = XCConfigurationList;
			buildConfigurations = (
				62C8C2001B06BD6500DC3EA7 /* Debug */,
				62C8C2011B06BD6500DC3EA7 /* Release */,
			);
			defaultConfigurationIsVisible = 0;
			defaultConfigurationName = Release;
		};
		71E10F281B56E9970009A0E6 /* Build configuration list for PBXNativeTarget "ShareExtension" */ = {
			isa = XCConfigurationList;
			buildConfigurations = (
				71E10F291B56E9970009A0E6 /* Debug */,
				71E10F2A1B56E9970009A0E6 /* Release */,
			);
			defaultConfigurationIsVisible = 0;
			defaultConfigurationName = Release;
		};
/* End XCConfigurationList section */
	};
	rootObject = 62C8C1D81B06BD6500DC3EA7 /* Project object */;
}
